
Microsoft Visual Studio Solution File, Format Version 12.00
# Visual Studio 15
VisualStudioVersion = 15.0.27703.2047
MinimumVisualStudioVersion = 10.0.40219.1
Project("{FAE04EC0-301F-11D3-BF4B-00C04F79EFBC}") = "RD_Colonization", "RD_Colonization\RD_Colonization.csproj", "{83884559-FFBC-45F5-AC78-9DDEF63FA24E}"
EndProject
Global
	GlobalSection(SolutionConfigurationPlatforms) = preSolution
		Debug|x86 = Debug|x86
		Release|x86 = Release|x86
	EndGlobalSection
	GlobalSection(ProjectConfigurationPlatforms) = postSolution
		{83884559-FFBC-45F5-AC78-9DDEF63FA24E}.Debug|x86.ActiveCfg = Debug|x86
		{83884559-FFBC-45F5-AC78-9DDEF63FA24E}.Debug|x86.Build.0 = Debug|x86
		{83884559-FFBC-45F5-AC78-9DDEF63FA24E}.Release|x86.ActiveCfg = Release|x86
		{83884559-FFBC-45F5-AC78-9DDEF63FA24E}.Release|x86.Build.0 = Release|x86
	EndGlobalSection
	GlobalSection(SolutionProperties) = preSolution
		HideSolutionNode = FALSE
	EndGlobalSection
	GlobalSection(ExtensibilityGlobals) = postSolution
		SolutionGuid = {D9040784-7524-46C3-ADCB-4856F388D438}
	EndGlobalSection
EndGlobal
